
Microsoft Visual Studio Solution File, Format Version 12.00
# Visual Studio Version 17
VisualStudioVersion = 17.11.35327.3
MinimumVisualStudioVersion = 10.0.40219.1
Project("{9A19103F-16F7-4668-BE54-9A1E7A4F7556}") = "NINA.Plugin.TargetScheduler", "NINA.Plugin.TargetScheduler\NINA.Plugin.TargetScheduler.csproj", "{58F2BEE6-BA67-4E06-8392-6EE203E3E8DB}"
EndProject
Project("{FAE04EC0-301F-11D3-BF4B-00C04F79EFBC}") = "NINA.Plugin.TargetScheduler.Test", "NINA.Plugin.TargetScheduler.Test\NINA.Plugin.TargetScheduler.Test.csproj", "{FBA5C666-F14F-4261-BFBA-0A654F28F35B}"
EndProject
Global
	GlobalSection(SolutionConfigurationPlatforms) = preSolution
		Debug|Any CPU = Debug|Any CPU
		Release|Any CPU = Release|Any CPU
	EndGlobalSection
	GlobalSection(ProjectConfigurationPlatforms) = postSolution
		{58F2BEE6-BA67-4E06-8392-6EE203E3E8DB}.Debug|Any CPU.ActiveCfg = Debug|Any CPU
		{58F2BEE6-BA67-4E06-8392-6EE203E3E8DB}.Debug|Any CPU.Build.0 = Debug|Any CPU
		{58F2BEE6-BA67-4E06-8392-6EE203E3E8DB}.Release|Any CPU.ActiveCfg = Release|Any CPU
		{58F2BEE6-BA67-4E06-8392-6EE203E3E8DB}.Release|Any CPU.Build.0 = Release|Any CPU
		{FBA5C666-F14F-4261-BFBA-0A654F28F35B}.Debug|Any CPU.ActiveCfg = Debug|Any CPU
		{FBA5C666-F14F-4261-BFBA-0A654F28F35B}.Debug|Any CPU.Build.0 = Debug|Any CPU
		{FBA5C666-F14F-4261-BFBA-0A654F28F35B}.Release|Any CPU.ActiveCfg = Release|Any CPU
		{FBA5C666-F14F-4261-BFBA-0A654F28F35B}.Release|Any CPU.Build.0 = Release|Any CPU
	EndGlobalSection
	GlobalSection(SolutionProperties) = preSolution
		HideSolutionNode = FALSE
	EndGlobalSection
	GlobalSection(ExtensibilityGlobals) = postSolution
		SolutionGuid = {B2EB8A85-299D-4458-B27F-E8D6511999A5}
	EndGlobalSection
EndGlobal
